
Microsoft Visual Studio Solution File, Format Version 12.00
# Visual Studio 2017
Project("{FAE04EC0-301F-11D3-BF4B-00C04F79EFBC}") = "MinerIdle", "MinerIdle.csproj", "{E2B3FA70-7B07-63E9-5242-16CA0C493F31}"
EndProject
Project("{FAE04EC0-301F-11D3-BF4B-00C04F79EFBC}") = "MinerIdle.Editor", "MinerIdle.Editor.csproj", "{28332730-E545-601E-C012-66CE25FA52B9}"
EndProject
Global
	GlobalSection(SolutionConfigurationPlatforms) = preSolution
		Debug|Any CPU = Debug|Any CPU
		Release|Any CPU = Release|Any CPU
	EndGlobalSection
	GlobalSection(ProjectConfigurationPlatforms) = postSolution
		{E2B3FA70-7B07-63E9-5242-16CA0C493F31}.Debug|Any CPU.ActiveCfg = Debug|Any CPU
		{E2B3FA70-7B07-63E9-5242-16CA0C493F31}.Debug|Any CPU.Build.0 = Debug|Any CPU
		{E2B3FA70-7B07-63E9-5242-16CA0C493F31}.Release|Any CPU.ActiveCfg = Release|Any CPU
		{E2B3FA70-7B07-63E9-5242-16CA0C493F31}.Release|Any CPU.Build.0 = Release|Any CPU
		{28332730-E545-601E-C012-66CE25FA52B9}.Debug|Any CPU.ActiveCfg = Debug|Any CPU
		{28332730-E545-601E-C012-66CE25FA52B9}.Debug|Any CPU.Build.0 = Debug|Any CPU
		{28332730-E545-601E-C012-66CE25FA52B9}.Release|Any CPU.ActiveCfg = Release|Any CPU
		{28332730-E545-601E-C012-66CE25FA52B9}.Release|Any CPU.Build.0 = Release|Any CPU
	EndGlobalSection
	GlobalSection(SolutionProperties) = preSolution
		HideSolutionNode = FALSE
	EndGlobalSection
EndGlobal
